
Microsoft Visual Studio Solution File, Format Version 12.00
# Visual Studio Version 17
VisualStudioVersion = 17.3.32825.248
MinimumVisualStudioVersion = 10.0.40219.1
Project("{FAE04EC0-301F-11D3-BF4B-00C04F79EFBC}") = "Exec2_Message01", "Exec2_Message-Q1\Exec2_Message01.csproj", "{F2FD14E5-2D4A-4B55-9ABE-A6518D6CB592}"
EndProject
Project("{FAE04EC0-301F-11D3-BF4B-00C04F79EFBC}") = "Exec2_Message02", "Exec2_Message-Q2\Exec2_Message02.csproj", "{141C9547-9734-41AD-AA09-34CB7DA4DA08}"
EndProject
Global
	GlobalSection(SolutionConfigurationPlatforms) = preSolution
		Debug|Any CPU = Debug|Any CPU
		Release|Any CPU = Release|Any CPU
	EndGlobalSection
	GlobalSection(ProjectConfigurationPlatforms) = postSolution
		{F2FD14E5-2D4A-4B55-9ABE-A6518D6CB592}.Debug|Any CPU.ActiveCfg = Debug|Any CPU
		{F2FD14E5-2D4A-4B55-9ABE-A6518D6CB592}.Debug|Any CPU.Build.0 = Debug|Any CPU
		{F2FD14E5-2D4A-4B55-9ABE-A6518D6CB592}.Release|Any CPU.ActiveCfg = Release|Any CPU
		{F2FD14E5-2D4A-4B55-9ABE-A6518D6CB592}.Release|Any CPU.Build.0 = Release|Any CPU
		{141C9547-9734-41AD-AA09-34CB7DA4DA08}.Debug|Any CPU.ActiveCfg = Debug|Any CPU
		{141C9547-9734-41AD-AA09-34CB7DA4DA08}.Debug|Any CPU.Build.0 = Debug|Any CPU
		{141C9547-9734-41AD-AA09-34CB7DA4DA08}.Release|Any CPU.ActiveCfg = Release|Any CPU
		{141C9547-9734-41AD-AA09-34CB7DA4DA08}.Release|Any CPU.Build.0 = Release|Any CPU
	EndGlobalSection
	GlobalSection(SolutionProperties) = preSolution
		HideSolutionNode = FALSE
	EndGlobalSection
	GlobalSection(ExtensibilityGlobals) = postSolution
		SolutionGuid = {410EF090-B773-46FC-819D-B3021110EB3E}
	EndGlobalSection
EndGlobal
